dependencies:
  espressif/esp-modbus:
    component_hash: 2168e6b4cbda4d0281a2a2d1a40a3848e231473b2690d73217e3600fd2c98c12
    source:
      service_url: https://api.components.espressif.com/
      type: service
    version: 1.0.16
  espressif/mdns:
    component_hash: af6306fe65d637a3683d1cf671508fcedd6b05f9ca029a8815abeab64001fb8d
    source:
      service_url: https://api.components.espressif.com/
      type: service
    version: 1.4.0
  idf:
    component_hash: null
    source:
      type: idf
    version: 5.2.2
  mb_example_common:
    component_hash: null
    source:
      path: /Users/mjc626/esp/esp-idf/examples/protocols/modbus/mb_example_common
      type: local
    version: '*'
  protocol_examples_common:
    component_hash: null
    source:
      path: /Users/mjc626/esp/esp-idf/examples/common_components/protocol_examples_common
      type: local
    version: '*'
manifest_hash: cfa216750d4f5d1a1ebf60064be5d880a379513bfda894d1f7f3402e6140110f
target: esp32s3
version: 1.0.0
